{
  "name": "osu-droid",
  "version": "1.0.0",
  "lockfileVersion": 1,
  "requires": true,
  "dependencies": {
    "@types/node": {
      "version": "14.6.4",
      "resolved": "https://registry.npmjs.org/@types/node/-/node-14.6.4.tgz",
      "integrity": "sha512-Wk7nG1JSaMfMpoMJDKUsWYugliB2Vy55pdjLpmLixeyMi7HizW2I/9QoxsPCkXl3dO+ZOVqPumKaDUv5zJu2uQ==",
      "dev": true
    },
    "@types/unzipper": {
      "version": "0.10.3",
      "resolved": "https://registry.npmjs.org/@types/unzipper/-/unzipper-0.10.3.tgz",
      "integrity": "sha512-01mQdTLp3/KuBVDhP82FNBf+enzVOjJ9dGsCWa5z8fcYAFVgA9bqIQ2NmsgNFzN/DhD0PUQj4n5p7k6I9mq80g==",
      "dev": true,
      "requires": {
        "@types/node": "*"
      }
    }
  }
}
